Microsoft Visual Studio Solution File, Format Version 11.00
# Visual Studio 2008

Project("{C4C5D55B-7A64-D9A9-8E63-7003C5495F83}") = "dynamicmovement", "Assembly-CSharp.csproj", "{BD0C8A85-7577-FA01-5C77-FFEAFD15EDC5}"
EndProject
Project("{C4C5D55B-7A64-D9A9-8E63-7003C5495F83}") = "dynamicmovement", "Assembly-CSharp-Editor.csproj", "{C4376C95-5C31-722A-3B60-F21DB2E33419}"
EndProject
Global
	GlobalSection(SolutionConfigurationPlatforms) = preSolution
		Debug|Any CPU = Debug|Any CPU
		Release|Any CPU = Release|Any CPU
	EndGlobalSection
	GlobalSection(ProjectConfigurationPlatforms) = postSolution
		{BD0C8A85-7577-FA01-5C77-FFEAFD15EDC5}.Debug|Any CPU.ActiveCfg = Debug|Any CPU
		{BD0C8A85-7577-FA01-5C77-FFEAFD15EDC5}.Debug|Any CPU.Build.0 = Debug|Any CPU
		{BD0C8A85-7577-FA01-5C77-FFEAFD15EDC5}.Release|Any CPU.ActiveCfg = Release|Any CPU
		{BD0C8A85-7577-FA01-5C77-FFEAFD15EDC5}.Release|Any CPU.Build.0 = Release|Any CPU
		{C4376C95-5C31-722A-3B60-F21DB2E33419}.Debug|Any CPU.ActiveCfg = Debug|Any CPU
		{C4376C95-5C31-722A-3B60-F21DB2E33419}.Debug|Any CPU.Build.0 = Debug|Any CPU
		{C4376C95-5C31-722A-3B60-F21DB2E33419}.Release|Any CPU.ActiveCfg = Release|Any CPU
		{C4376C95-5C31-722A-3B60-F21DB2E33419}.Release|Any CPU.Build.0 = Release|Any CPU
	EndGlobalSection
	GlobalSection(SolutionProperties) = preSolution
		HideSolutionNode = FALSE
	EndGlobalSection
						GlobalSection(MonoDevelopProperties) = preSolution
		StartupItem = Assembly-CSharp.csproj
		Policies = $0
		$0.TextStylePolicy = $1
		$1.inheritsSet = null
		$1.scope = text/x-csharp
		$0.CSharpFormattingPolicy = $2
		$2.inheritsSet = Mono
		$2.inheritsScope = text/x-csharp
		$2.scope = text/x-csharp
		$0.TextStylePolicy = $3
		$3.FileWidth = 120
		$3.TabWidth = 4
		$3.IndentWidth = 4
		$3.EolMarker = Unix
		$3.inheritsSet = Mono
		$3.inheritsScope = text/plain
		$3.scope = text/plain
	EndGlobalSection

EndGlobal
