Microsoft Visual Studio Solution File, Format Version 11.00
# Visual Studio 2008

Project("{E113D6C7-52A0-BAC1-7E8D-D7C1A4787F7D}") = "game ai", "Assembly-CSharp.csproj", "{6519286E-E18C-A446-4CDC-B7E56C7698BF}"
EndProject
Project("{E113D6C7-52A0-BAC1-7E8D-D7C1A4787F7D}") = "game ai", "Assembly-CSharp-Editor.csproj", "{C1F643A2-2883-6C21-B41A-9A62CCDF9A5C}"
EndProject
Global
	GlobalSection(SolutionConfigurationPlatforms) = preSolution
		Debug|Any CPU = Debug|Any CPU
		Release|Any CPU = Release|Any CPU
	EndGlobalSection
	GlobalSection(ProjectConfigurationPlatforms) = postSolution
		{6519286E-E18C-A446-4CDC-B7E56C7698BF}.Debug|Any CPU.ActiveCfg = Debug|Any CPU
		{6519286E-E18C-A446-4CDC-B7E56C7698BF}.Debug|Any CPU.Build.0 = Debug|Any CPU
		{6519286E-E18C-A446-4CDC-B7E56C7698BF}.Release|Any CPU.ActiveCfg = Release|Any CPU
		{6519286E-E18C-A446-4CDC-B7E56C7698BF}.Release|Any CPU.Build.0 = Release|Any CPU
		{C1F643A2-2883-6C21-B41A-9A62CCDF9A5C}.Debug|Any CPU.ActiveCfg = Debug|Any CPU
		{C1F643A2-2883-6C21-B41A-9A62CCDF9A5C}.Debug|Any CPU.Build.0 = Debug|Any CPU
		{C1F643A2-2883-6C21-B41A-9A62CCDF9A5C}.Release|Any CPU.ActiveCfg = Release|Any CPU
		{C1F643A2-2883-6C21-B41A-9A62CCDF9A5C}.Release|Any CPU.Build.0 = Release|Any CPU
	EndGlobalSection
	GlobalSection(SolutionProperties) = preSolution
		HideSolutionNode = FALSE
	EndGlobalSection
																																											GlobalSection(MonoDevelopProperties) = preSolution
		StartupItem = Assembly-CSharp.csproj
		Policies = $0
		$0.TextStylePolicy = $1
		$1.inheritsSet = null
		$1.scope = text/x-csharp
		$0.CSharpFormattingPolicy = $2
		$2.inheritsSet = Mono
		$2.inheritsScope = text/x-csharp
		$2.scope = text/x-csharp
		$0.TextStylePolicy = $3
		$3.FileWidth = 120
		$3.TabWidth = 4
		$3.IndentWidth = 4
		$3.EolMarker = Unix
		$3.inheritsSet = Mono
		$3.inheritsScope = text/plain
		$3.scope = text/plain
	EndGlobalSection

EndGlobal
